
Microsoft Visual Studio Solution File, Format Version 12.00
# Visual Studio 2015
Project("{FAE04EC0-301F-11D3-BF4B-00C04F79EFBC}") = "MyKaPaiGame", "MyKaPaiGame.csproj", "{413D9985-8C6B-4FC0-FF63-198984E9F686}"
EndProject
Project("{FAE04EC0-301F-11D3-BF4B-00C04F79EFBC}") = "MyKaPaiGame.Editor", "MyKaPaiGame.Editor.csproj", "{39F2CBEA-A296-6AB0-942A-E8C96E544B9A}"
EndProject
Global
	GlobalSection(SolutionConfigurationPlatforms) = preSolution
		Debug|Any CPU = Debug|Any CPU
		Release|Any CPU = Release|Any CPU
	EndGlobalSection
	GlobalSection(ProjectConfigurationPlatforms) = postSolution
		{413D9985-8C6B-4FC0-FF63-198984E9F686}.Debug|Any CPU.ActiveCfg = Debug|Any CPU
		{413D9985-8C6B-4FC0-FF63-198984E9F686}.Debug|Any CPU.Build.0 = Debug|Any CPU
		{413D9985-8C6B-4FC0-FF63-198984E9F686}.Release|Any CPU.ActiveCfg = Release|Any CPU
		{413D9985-8C6B-4FC0-FF63-198984E9F686}.Release|Any CPU.Build.0 = Release|Any CPU
		{39F2CBEA-A296-6AB0-942A-E8C96E544B9A}.Debug|Any CPU.ActiveCfg = Debug|Any CPU
		{39F2CBEA-A296-6AB0-942A-E8C96E544B9A}.Debug|Any CPU.Build.0 = Debug|Any CPU
		{39F2CBEA-A296-6AB0-942A-E8C96E544B9A}.Release|Any CPU.ActiveCfg = Release|Any CPU
		{39F2CBEA-A296-6AB0-942A-E8C96E544B9A}.Release|Any CPU.Build.0 = Release|Any CPU
	EndGlobalSection
	GlobalSection(SolutionProperties) = preSolution
		HideSolutionNode = FALSE
	EndGlobalSection
EndGlobal
